// !$*UTF8*$!
{
	archiveVersion = 1;
	classes = {
	};
	objectVersion = 46;
	objects = {

/* Begin PBXAggregateTarget section */
		"AutoWebkit::AutoWebkitPackageTests::ProductTarget" /* AutoWebkitPackageTests */ = {
			isa = PBXAggregateTarget;
			buildConfigurationList = OBJ_173 /* Build configuration list for PBXAggregateTarget "AutoWebkitPackageTests" */;
			buildPhases = (
			);
			dependencies = (
				OBJ_176 /* PBXTargetDependency */,
			);
			name = AutoWebkitPackageTests;
			productName = AutoWebkitPackageTests;
		};
/* End PBXAggregateTarget section */

/* Begin PBXBuildFile section */
		OBJ_103 /* AutoWebkitController.swift in Sources */ = {isa = PBXBuildFile; fileRef = OBJ_9 /* AutoWebkitController.swift */; };
		OBJ_104 /* AutomationScript.swift in Sources */ = {isa = PBXBuildFile; fileRef = OBJ_10 /* AutomationScript.swift */; };
		OBJ_106 /* ScriptAction.swift in Sources */ = {isa = PBXBuildFile; fileRef = OBJ_12 /* ScriptAction.swift */; };
		OBJ_88 /* AutoWebkitControllerTests.swift in Sources */ = {isa = PBXBuildFile; fileRef = OBJ_15 /* AutoWebkitControllerTests.swift */; };
		OBJ_89 /* AutomationScriptTests.swift in Sources */ = {isa = PBXBuildFile; fileRef = OBJ_16 /* AutomationScriptTests.swift */; };
		OBJ_91 /* ScriptActionTests.swift in Sources */ = {isa = PBXBuildFile; fileRef = OBJ_18 /* ScriptActionTests.swift */; };
		OBJ_93 /* AutoWebkit.framework in Frameworks */ = {isa = PBXBuildFile; fileRef = "AutoWebkit::AutoWebkit::Product" /* AutoWebkit.framework */; };
/* End PBXBuildFile section */

/* Begin PBXContainerItemProxy section */
		F77F7AF21F123C49006F4ED9 /* PBXContainerItemProxy */ = {
			isa = PBXContainerItemProxy;
			containerPortal = OBJ_1 /* Project object */;
			proxyType = 1;
			remoteGlobalIDString = "AutoWebkit::AutoWebkit";
			remoteInfo = AutoWebkit;
		};
		F77F7AF41F123C49006F4ED9 /* PBXContainerItemProxy */ = {
			isa = PBXContainerItemProxy;
			containerPortal = OBJ_1 /* Project object */;
			proxyType = 1;
			remoteGlobalIDString = "AutoWebkit::AutoWebkitTests";
			remoteInfo = AutoWebkitTests;
		};
/* End PBXContainerItemProxy section */

/* Begin PBXFileReference section */
		"AutoWebkit::AutoWebkit::Product" /* AutoWebkit.framework */ = {isa = PBXFileReference; explicitFileType = wrapper.framework; path = AutoWebkit.framework; sourceTree = BUILT_PRODUCTS_DIR; };
		"AutoWebkit::AutoWebkitTests::Product" /* AutoWebkitTests.xctest */ = {isa = PBXFileReference; lastKnownFileType = file; path = AutoWebkitTests.xctest; sourceTree = BUILT_PRODUCTS_DIR; };
		OBJ_10 /* AutomationScript.swift */ = {isa = PBXFileReference; lastKnownFileType = sourcecode.swift; path = AutomationScript.swift; sourceTree = "<group>"; };
		OBJ_12 /* ScriptAction.swift */ = {isa = PBXFileReference; lastKnownFileType = sourcecode.swift; path = ScriptAction.swift; sourceTree = "<group>"; };
		OBJ_15 /* AutoWebkitControllerTests.swift */ = {isa = PBXFileReference; lastKnownFileType = sourcecode.swift; path = AutoWebkitControllerTests.swift; sourceTree = "<group>"; };
		OBJ_16 /* AutomationScriptTests.swift */ = {isa = PBXFileReference; lastKnownFileType = sourcecode.swift; path = AutomationScriptTests.swift; sourceTree = "<group>"; };
		OBJ_18 /* ScriptActionTests.swift */ = {isa = PBXFileReference; lastKnownFileType = sourcecode.swift; path = ScriptActionTests.swift; sourceTree = "<group>"; };
		OBJ_19 /* Supporting Files */ = {isa = PBXFileReference; lastKnownFileType = folder; path = "Supporting Files"; sourceTree = SOURCE_ROOT; };
		OBJ_6 /* Package.swift */ = {isa = PBXFileReference; explicitFileType = sourcecode.swift; path = Package.swift; sourceTree = "<group>"; };
		OBJ_9 /* AutoWebkitController.swift */ = {isa = PBXFileReference; lastKnownFileType = sourcecode.swift; path = AutoWebkitController.swift; sourceTree = "<group>"; };
/* End PBXFileReference section */

/* Begin PBXFrameworksBuildPhase section */
		OBJ_107 /* Frameworks */ = {
			isa = PBXFrameworksBuildPhase;
			buildActionMask = 0;
			files = (
			);
			runOnlyForDeploymentPostprocessing = 0;
		};
		OBJ_92 /* Frameworks */ = {
			isa = PBXFrameworksBuildPhase;
			buildActionMask = 0;
			files = (
				OBJ_93 /* AutoWebkit.framework in Frameworks */,
			);
			runOnlyForDeploymentPostprocessing = 0;
		};
/* End PBXFrameworksBuildPhase section */

/* Begin PBXGroup section */
		OBJ_13 /* Tests */ = {
			isa = PBXGroup;
			children = (
				OBJ_14 /* AutoWebkitTests */,
			);
			name = Tests;
			sourceTree = SOURCE_ROOT;
		};
		OBJ_14 /* AutoWebkitTests */ = {
			isa = PBXGroup;
			children = (
				OBJ_15 /* AutoWebkitControllerTests.swift */,
				OBJ_16 /* AutomationScriptTests.swift */,
				OBJ_18 /* ScriptActionTests.swift */,
			);
			name = AutoWebkitTests;
			path = Tests/AutoWebkitTests;
			sourceTree = SOURCE_ROOT;
		};
		OBJ_20 /* Dependencies */ = {
			isa = PBXGroup;
			children = (
			);
			name = Dependencies;
			sourceTree = "<group>";
		};
		OBJ_5 = {
			isa = PBXGroup;
			children = (
				OBJ_6 /* Package.swift */,
				OBJ_7 /* Sources */,
				OBJ_13 /* Tests */,
				OBJ_19 /* Supporting Files */,
				OBJ_20 /* Dependencies */,
				OBJ_79 /* Products */,
			);
			sourceTree = "<group>";
		};
		OBJ_7 /* Sources */ = {
			isa = PBXGroup;
			children = (
				OBJ_8 /* AutoWebkit */,
			);
			name = Sources;
			sourceTree = SOURCE_ROOT;
		};
		OBJ_79 /* Products */ = {
			isa = PBXGroup;
			children = (
				"AutoWebkit::AutoWebkitTests::Product" /* AutoWebkitTests.xctest */,
				"AutoWebkit::AutoWebkit::Product" /* AutoWebkit.framework */,
			);
			name = Products;
			sourceTree = BUILT_PRODUCTS_DIR;
		};
		OBJ_8 /* AutoWebkit */ = {
			isa = PBXGroup;
			children = (
				OBJ_9 /* AutoWebkitController.swift */,
				OBJ_10 /* AutomationScript.swift */,
				OBJ_12 /* ScriptAction.swift */,
			);
			name = AutoWebkit;
			path = Sources/AutoWebkit;
			sourceTree = SOURCE_ROOT;
		};
/* End PBXGroup section */

/* Begin PBXNativeTarget section */
		"AutoWebkit::AutoWebkit" /* AutoWebkit */ = {
			isa = PBXNativeTarget;
			buildConfigurationList = OBJ_99 /* Build configuration list for PBXNativeTarget "AutoWebkit" */;
			buildPhases = (
				OBJ_102 /* Sources */,
				OBJ_107 /* Frameworks */,
			);
			buildRules = (
			);
			dependencies = (
			);
			name = AutoWebkit;
			productName = AutoWebkit;
			productReference = "AutoWebkit::AutoWebkit::Product" /* AutoWebkit.framework */;
			productType = "com.apple.product-type.framework";
		};
		"AutoWebkit::AutoWebkitTests" /* AutoWebkitTests */ = {
			isa = PBXNativeTarget;
			buildConfigurationList = OBJ_84 /* Build configuration list for PBXNativeTarget "AutoWebkitTests" */;
			buildPhases = (
				OBJ_87 /* Sources */,
				OBJ_92 /* Frameworks */,
			);
			buildRules = (
			);
			dependencies = (
				OBJ_95 /* PBXTargetDependency */,
			);
			name = AutoWebkitTests;
			productName = AutoWebkitTests;
			productReference = "AutoWebkit::AutoWebkitTests::Product" /* AutoWebkitTests.xctest */;
			productType = "com.apple.product-type.bundle.unit-test";
		};
/* End PBXNativeTarget section */

/* Begin PBXProject section */
		OBJ_1 /* Project object */ = {
			isa = PBXProject;
			attributes = {
				LastUpgradeCheck = 9999;
			};
			buildConfigurationList = OBJ_2 /* Build configuration list for PBXProject "AutoWebkit" */;
			compatibilityVersion = "Xcode 3.2";
			developmentRegion = English;
			hasScannedForEncodings = 0;
			knownRegions = (
				en,
			);
			mainGroup = OBJ_5;
			productRefGroup = OBJ_79 /* Products */;
			projectDirPath = "";
			projectRoot = "";
			targets = (
				"AutoWebkit::AutoWebkitTests" /* AutoWebkitTests */,
				"AutoWebkit::AutoWebkit" /* AutoWebkit */,
				"AutoWebkit::AutoWebkitPackageTests::ProductTarget" /* AutoWebkitPackageTests */,
			);
		};
/* End PBXProject section */

/* Begin PBXSourcesBuildPhase section */
		OBJ_102 /* Sources */ = {
			isa = PBXSourcesBuildPhase;
			buildActionMask = 0;
			files = (
				OBJ_103 /* AutoWebkitController.swift in Sources */,
				OBJ_104 /* AutomationScript.swift in Sources */,
				OBJ_106 /* ScriptAction.swift in Sources */,
			);
			runOnlyForDeploymentPostprocessing = 0;
		};
		OBJ_87 /* Sources */ = {
			isa = PBXSourcesBuildPhase;
			buildActionMask = 0;
			files = (
				OBJ_88 /* AutoWebkitControllerTests.swift in Sources */,
				OBJ_89 /* AutomationScriptTests.swift in Sources */,
				OBJ_91 /* ScriptActionTests.swift in Sources */,
			);
			runOnlyForDeploymentPostprocessing = 0;
		};
/* End PBXSourcesBuildPhase section */

/* Begin PBXTargetDependency section */
		OBJ_176 /* PBXTargetDependency */ = {
			isa = PBXTargetDependency;
			target = "AutoWebkit::AutoWebkitTests" /* AutoWebkitTests */;
			targetProxy = F77F7AF41F123C49006F4ED9 /* PBXContainerItemProxy */;
		};
		OBJ_95 /* PBXTargetDependency */ = {
			isa = PBXTargetDependency;
			target = "AutoWebkit::AutoWebkit" /* AutoWebkit */;
			targetProxy = F77F7AF21F123C49006F4ED9 /* PBXContainerItemProxy */;
		};
/* End PBXTargetDependency section */

/* Begin XCBuildConfiguration section */
		OBJ_100 /* Debug */ = {
			isa = XCBuildConfiguration;
			buildSettings = {
				ENABLE_TESTABILITY = YES;
				FRAMEWORK_SEARCH_PATHS = (
					"$(inherited)",
					"$(PLATFORM_DIR)/Developer/Library/Frameworks",
				);
				HEADER_SEARCH_PATHS = "$(inherited)";
				INFOPLIST_FILE = AutoWebkit.xcodeproj/AutoWebkit_Info.plist;
				LD_RUNPATH_SEARCH_PATHS = "$(TOOLCHAIN_DIR)/usr/lib/swift/macosx";
				OTHER_LDFLAGS = "$(inherited)";
				OTHER_SWIFT_FLAGS = "$(inherited)";
				PRODUCT_BUNDLE_IDENTIFIER = AutoWebkit;
				PRODUCT_MODULE_NAME = "$(TARGET_NAME:c99extidentifier)";
				PRODUCT_NAME = "$(TARGET_NAME:c99extidentifier)";
				SDKROOT = iphoneos;
				SKIP_INSTALL = YES;
				TARGET_NAME = AutoWebkit;
			};
			name = Debug;
		};
		OBJ_101 /* Release */ = {
			isa = XCBuildConfiguration;
			buildSettings = {
				ENABLE_TESTABILITY = YES;
				FRAMEWORK_SEARCH_PATHS = (
					"$(inherited)",
					"$(PLATFORM_DIR)/Developer/Library/Frameworks",
				);
				HEADER_SEARCH_PATHS = "$(inherited)";
				INFOPLIST_FILE = AutoWebkit.xcodeproj/AutoWebkit_Info.plist;
				LD_RUNPATH_SEARCH_PATHS = "$(TOOLCHAIN_DIR)/usr/lib/swift/macosx";
				OTHER_LDFLAGS = "$(inherited)";
				OTHER_SWIFT_FLAGS = "$(inherited)";
				PRODUCT_BUNDLE_IDENTIFIER = AutoWebkit;
				PRODUCT_MODULE_NAME = "$(TARGET_NAME:c99extidentifier)";
				PRODUCT_NAME = "$(TARGET_NAME:c99extidentifier)";
				SDKROOT = iphoneos;
				SKIP_INSTALL = YES;
				TARGET_NAME = AutoWebkit;
			};
			name = Release;
		};
		OBJ_174 /* Debug */ = {
			isa = XCBuildConfiguration;
			buildSettings = {
			};
			name = Debug;
		};
		OBJ_175 /* Release */ = {
			isa = XCBuildConfiguration;
			buildSettings = {
			};
			name = Release;
		};
		OBJ_3 /* Debug */ = {
			isa = XCBuildConfiguration;
			buildSettings = {
				CLANG_ENABLE_OBJC_ARC = YES;
				COMBINE_HIDPI_IMAGES = YES;
				COPY_PHASE_STRIP = NO;
				DEBUG_INFORMATION_FORMAT = dwarf;
				DYLIB_INSTALL_NAME_BASE = "@rpath";
				ENABLE_NS_ASSERTIONS = YES;
				GCC_OPTIMIZATION_LEVEL = 0;
				MACOSX_DEPLOYMENT_TARGET = 10.10;
				ONLY_ACTIVE_ARCH = YES;
				OTHER_SWIFT_FLAGS = "-DXcode";
				PRODUCT_NAME = "$(TARGET_NAME)";
				SDKROOT = macosx;
				SUPPORTED_PLATFORMS = "macosx iphoneos iphonesimulator appletvos appletvsimulator watchos watchsimulator";
				SWIFT_ACTIVE_COMPILATION_CONDITIONS = SWIFT_PACKAGE;
				SWIFT_OPTIMIZATION_LEVEL = "-Onone";
				SWIFT_VERSION = 3.0;
				USE_HEADERMAP = NO;
			};
			name = Debug;
		};
		OBJ_4 /* Release */ = {
			isa = XCBuildConfiguration;
			buildSettings = {
				CLANG_ENABLE_OBJC_ARC = YES;
				COMBINE_HIDPI_IMAGES = YES;
				COPY_PHASE_STRIP = YES;
				DEBUG_INFORMATION_FORMAT = "dwarf-with-dsym";
				DYLIB_INSTALL_NAME_BASE = "@rpath";
				GCC_OPTIMIZATION_LEVEL = s;
				MACOSX_DEPLOYMENT_TARGET = 10.10;
				OTHER_SWIFT_FLAGS = "-DXcode";
				PRODUCT_NAME = "$(TARGET_NAME)";
				SDKROOT = macosx;
				SUPPORTED_PLATFORMS = "macosx iphoneos iphonesimulator appletvos appletvsimulator watchos watchsimulator";
				SWIFT_ACTIVE_COMPILATION_CONDITIONS = SWIFT_PACKAGE;
				SWIFT_OPTIMIZATION_LEVEL = "-Owholemodule";
				SWIFT_VERSION = 3.0;
				USE_HEADERMAP = NO;
			};
			name = Release;
		};
		OBJ_85 /* Debug */ = {
			isa = XCBuildConfiguration;
			buildSettings = {
				EMBEDDED_CONTENT_CONTAINS_SWIFT = YES;
				FRAMEWORK_SEARCH_PATHS = (
					"$(inherited)",
					"$(PLATFORM_DIR)/Developer/Library/Frameworks",
				);
				HEADER_SEARCH_PATHS = "$(inherited)";
				INFOPLIST_FILE = AutoWebkit.xcodeproj/AutoWebkitTests_Info.plist;
				LD_RUNPATH_SEARCH_PATHS = "@loader_path/../Frameworks @loader_path/Frameworks";
				OTHER_LDFLAGS = "$(inherited)";
				OTHER_SWIFT_FLAGS = "$(inherited)";
				TARGET_NAME = AutoWebkitTests;
			};
			name = Debug;
		};
		OBJ_86 /* Release */ = {
			isa = XCBuildConfiguration;
			buildSettings = {
				EMBEDDED_CONTENT_CONTAINS_SWIFT = YES;
				FRAMEWORK_SEARCH_PATHS = (
					"$(inherited)",
					"$(PLATFORM_DIR)/Developer/Library/Frameworks",
				);
				HEADER_SEARCH_PATHS = "$(inherited)";
				INFOPLIST_FILE = AutoWebkit.xcodeproj/AutoWebkitTests_Info.plist;
				LD_RUNPATH_SEARCH_PATHS = "@loader_path/../Frameworks @loader_path/Frameworks";
				OTHER_LDFLAGS = "$(inherited)";
				OTHER_SWIFT_FLAGS = "$(inherited)";
				TARGET_NAME = AutoWebkitTests;
			};
			name = Release;
		};
/* End XCBuildConfiguration section */

/* Begin XCConfigurationList section */
		OBJ_173 /* Build configuration list for PBXAggregateTarget "AutoWebkitPackageTests" */ = {
			isa = XCConfigurationList;
			buildConfigurations = (
				OBJ_174 /* Debug */,
				OBJ_175 /* Release */,
			);
			defaultConfigurationIsVisible = 0;
			defaultConfigurationName = Debug;
		};
		OBJ_2 /* Build configuration list for PBXProject "AutoWebkit" */ = {
			isa = XCConfigurationList;
			buildConfigurations = (
				OBJ_3 /* Debug */,
				OBJ_4 /* Release */,
			);
			defaultConfigurationIsVisible = 0;
			defaultConfigurationName = Debug;
		};
		OBJ_84 /* Build configuration list for PBXNativeTarget "AutoWebkitTests" */ = {
			isa = XCConfigurationList;
			buildConfigurations = (
				OBJ_85 /* Debug */,
				OBJ_86 /* Release */,
			);
			defaultConfigurationIsVisible = 0;
			defaultConfigurationName = Debug;
		};
		OBJ_99 /* Build configuration list for PBXNativeTarget "AutoWebkit" */ = {
			isa = XCConfigurationList;
			buildConfigurations = (
				OBJ_100 /* Debug */,
				OBJ_101 /* Release */,
			);
			defaultConfigurationIsVisible = 0;
			defaultConfigurationName = Debug;
		};
/* End XCConfigurationList section */
	};
	rootObject = OBJ_1 /* Project object */;
}
